// !$*UTF8*$!
{
	archiveVersion = 1;
	classes = {
	};
	objectVersion = 52;
	objects = {

/* Begin PBXBuildFile section */
		880C6E7A268AF95700390CBA /* Constants.swift in Sources */ = {isa = PBXBuildFile; fileRef = 880C6E79268AF95700390CBA /* Constants.swift */; };
		881ED3DC2686DC970094177B /* Image2TableViewCell.swift in Sources */ = {isa = PBXBuildFile; fileRef = 881ED3DB2686DC970094177B /* Image2TableViewCell.swift */; };
		886681932686055800C8FACC /* Content2TableViewCell.swift in Sources */ = {isa = PBXBuildFile; fileRef = 886681922686055800C8FACC /* Content2TableViewCell.swift */; };
		8870BD4926907E9100E8FEDA /* LocationSearchViewController.swift in Sources */ = {isa = PBXBuildFile; fileRef = 8870BD4826907E9100E8FEDA /* LocationSearchViewController.swift */; };
		8870BD4C26907F1600E8FEDA /* LocationSearchTableViewCell.swift in Sources */ = {isa = PBXBuildFile; fileRef = 8870BD4B26907F1600E8FEDA /* LocationSearchTableViewCell.swift */; };
		887840042689A772004BCC5F /* DetailImageCell.swift in Sources */ = {isa = PBXBuildFile; fileRef = 887840022689A772004BCC5F /* DetailImageCell.swift */; };
		887840052689A772004BCC5F /* DetailImageCell.xib in Resources */ = {isa = PBXBuildFile; fileRef = 887840032689A772004BCC5F /* DetailImageCell.xib */; };
		888915242698282100836B3B /* ChatListTableViewController.swift in Sources */ = {isa = PBXBuildFile; fileRef = 888915232698282100836B3B /* ChatListTableViewController.swift */; };
		8895C6352686D9AA000DCD0A /* AddImageButtonCollectionViewCell.swift in Sources */ = {isa = PBXBuildFile; fileRef = 8895C6342686D9A9000DCD0A /* AddImageButtonCollectionViewCell.swift */; };
		8895C6372686D9CF000DCD0A /* ImageCollectionViewCell.swift in Sources */ = {isa = PBXBuildFile; fileRef = 8895C6362686D9CF000DCD0A /* ImageCollectionViewCell.swift */; };
		88AFE7FB2684AE7900D2C0F7 /* Upload2TableViewController.swift in Sources */ = {isa = PBXBuildFile; fileRef = 88AFE7FA2684AE7900D2C0F7 /* Upload2TableViewController.swift */; };
		88AFE7FF2684AF2800D2C0F7 /* TitleTableViewCell.swift in Sources */ = {isa = PBXBuildFile; fileRef = 88AFE7FE2684AF2800D2C0F7 /* TitleTableViewCell.swift */; };
		88AFE8012684AF3100D2C0F7 /* PriceTableViewCell.swift in Sources */ = {isa = PBXBuildFile; fileRef = 88AFE8002684AF3100D2C0F7 /* PriceTableViewCell.swift */; };
		88AFE8032684AF3F00D2C0F7 /* ContentTableViewCell.swift in Sources */ = {isa = PBXBuildFile; fileRef = 88AFE8022684AF3F00D2C0F7 /* ContentTableViewCell.swift */; };
		88AFE8052684AF4F00D2C0F7 /* CategoryTableViewCell.swift in Sources */ = {isa = PBXBuildFile; fileRef = 88AFE8042684AF4F00D2C0F7 /* CategoryTableViewCell.swift */; };
		88B0CA522685F73A005DB9E8 /* SelectedCategory.swift in Sources */ = {isa = PBXBuildFile; fileRef = 88B0CA512685F73A005DB9E8 /* SelectedCategory.swift */; };
		88B0CA54268603BA005DB9E8 /* Detail2TableViewController.swift in Sources */ = {isa = PBXBuildFile; fileRef = 88B0CA53268603BA005DB9E8 /* Detail2TableViewController.swift */; };
		88B0CA5B268604C0005DB9E8 /* IDTableViewCell.swift in Sources */ = {isa = PBXBuildFile; fileRef = 88B0CA5A268604C0005DB9E8 /* IDTableViewCell.swift */; };
		88B3AA6326834657001D98C0 /* LoadingViewController.swift in Sources */ = {isa = PBXBuildFile; fileRef = 88B3AA6226834657001D98C0 /* LoadingViewController.swift */; };
		88B4481F26996118002695C2 /* MessageCellData.swift in Sources */ = {isa = PBXBuildFile; fileRef = 88B4481E26996118002695C2 /* MessageCellData.swift */; };
		88B4482126997DDA002695C2 /* ChatListTableViewCell.swift in Sources */ = {isa = PBXBuildFile; fileRef = 88B4482026997DDA002695C2 /* ChatListTableViewCell.swift */; };
		88B44824269989BD002695C2 /* IQKeyboardManagerSwift in Frameworks */ = {isa = PBXBuildFile; productRef = 88B44823269989BD002695C2 /* IQKeyboardManagerSwift */; };
		88C383C426914E9B0021C704 /* map_pinup_custom@3x.png in Resources */ = {isa = PBXBuildFile; fileRef = 88C3839F26914E9B0021C704 /* map_pinup_custom@3x.png */; };
		88C383C526914E9B0021C704 /* map_pin_custom.png in Resources */ = {isa = PBXBuildFile; fileRef = 88C383A026914E9B0021C704 /* map_pin_custom.png */; };
		88C383C626914E9B0021C704 /* shadow_balloon.png in Resources */ = {isa = PBXBuildFile; fileRef = 88C383A126914E9B0021C704 /* shadow_balloon.png */; };
		88C383C726914E9B0021C704 /* map_pinup.png in Resources */ = {isa = PBXBuildFile; fileRef = 88C383A226914E9B0021C704 /* map_pinup.png */; };
		88C383C826914E9B0021C704 /* detail_button.png in Resources */ = {isa = PBXBuildFile; fileRef = 88C383A326914E9B0021C704 /* detail_button.png */; };
		88C383C926914E9B0021C704 /* map_pin_custom@3x.png in Resources */ = {isa = PBXBuildFile; fileRef = 88C383A426914E9B0021C704 /* map_pin_custom@3x.png */; };
		88C383CA26914E9B0021C704 /* map_pinup@3x.png in Resources */ = {isa = PBXBuildFile; fileRef = 88C383A526914E9B0021C704 /* map_pinup@3x.png */; };
		88C383CB26914E9B0021C704 /* map_pin_shadow@3x.png in Resources */ = {isa = PBXBuildFile; fileRef = 88C383A626914E9B0021C704 /* map_pin_shadow@3x.png */; };
		88C383CC26914E9B0021C704 /* copyright.png in Resources */ = {isa = PBXBuildFile; fileRef = 88C383A726914E9B0021C704 /* copyright.png */; };
		88C383CD26914E9B0021C704 /* th_line.png in Resources */ = {isa = PBXBuildFile; fileRef = 88C383A826914E9B0021C704 /* th_line.png */; };
		88C383CE26914E9B0021C704 /* map_pin_red@3x.png in Resources */ = {isa = PBXBuildFile; fileRef = 88C383A926914E9B0021C704 /* map_pin_red@3x.png */; };
		88C383CF26914E9B0021C704 /* daum_copyright.png in Resources */ = {isa = PBXBuildFile; fileRef = 88C383AA26914E9B0021C704 /* daum_copyright.png */; };
		88C383D026914E9B0021C704 /* map_pin@3x.png in Resources */ = {isa = PBXBuildFile; fileRef = 88C383AB26914E9B0021C704 /* map_pin@3x.png */; };
		88C383D126914E9B0021C704 /* map_present_tracking.png in Resources */ = {isa = PBXBuildFile; fileRef = 88C383AC26914E9B0021C704 /* map_present_tracking.png */; };
		88C383D226914E9B0021C704 /* map_pin_red.png in Resources */ = {isa = PBXBuildFile; fileRef = 88C383AD26914E9B0021C704 /* map_pin_red.png */; };
		88C383D326914E9B0021C704 /* info_box.png in Resources */ = {isa = PBXBuildFile; fileRef = 88C383B726914E9B0021C704 /* info_box.png */; };
		88C383D426914E9B0021C704 /* point_sprite.png in Resources */ = {isa = PBXBuildFile; fileRef = 88C383B826914E9B0021C704 /* point_sprite.png */; };
		88C383D526914E9B0021C704 /* map_pinup_custom.png in Resources */ = {isa = PBXBuildFile; fileRef = 88C383B926914E9B0021C704 /* map_pinup_custom.png */; };
		88C383D626914E9B0021C704 /* info_box_tail.png in Resources */ = {isa = PBXBuildFile; fileRef = 88C383BA26914E9B0021C704 /* info_box_tail.png */; };
		88C383D726914E9B0021C704 /* noimage256.png in Resources */ = {isa = PBXBuildFile; fileRef = 88C383BB26914E9B0021C704 /* noimage256.png */; };
		88C383D826914E9B0021C704 /* map_present_direction.png in Resources */ = {isa = PBXBuildFile; fileRef = 88C383BC26914E9B0021C704 /* map_present_direction.png */; };
		88C383D926914E9B0021C704 /* map_pin.png in Resources */ = {isa = PBXBuildFile; fileRef = 88C383BD26914E9B0021C704 /* map_pin.png */; };
		88C383DA26914E9B0021C704 /* map_present.png in Resources */ = {isa = PBXBuildFile; fileRef = 88C383BE26914E9B0021C704 /* map_present.png */; };
		88C383DB26914E9B0021C704 /* noimage.png in Resources */ = {isa = PBXBuildFile; fileRef = 88C383BF26914E9B0021C704 /* noimage.png */; };
		88C383DC26914E9B0021C704 /* map_present_background_update.png in Resources */ = {isa = PBXBuildFile; fileRef = 88C383C026914E9B0021C704 /* map_present_background_update.png */; };
		88C383DD26914E9B0021C704 /* daum_th_line.png in Resources */ = {isa = PBXBuildFile; fileRef = 88C383C126914E9B0021C704 /* daum_th_line.png */; };
		88C383DE26914E9B0021C704 /* map_pin_shadow.png in Resources */ = {isa = PBXBuildFile; fileRef = 88C383C226914E9B0021C704 /* map_pin_shadow.png */; };
		88C383DF26914E9B0021C704 /* DaumMap.framework in Frameworks */ = {isa = PBXBuildFile; fileRef = 88C383C326914E9B0021C704 /* DaumMap.framework */; };
		88C383E1269150500021C704 /* OpenGLES.framework in Frameworks */ = {isa = PBXBuildFile; fileRef = 88C383E0269150500021C704 /* OpenGLES.framework */; };
		88C383E3269150680021C704 /* CoreLocation.framework in Frameworks */ = {isa = PBXBuildFile; fileRef = 88C383E2269150680021C704 /* CoreLocation.framework */; };
		88C383E5269150700021C704 /* QuartzCore.framework in Frameworks */ = {isa = PBXBuildFile; fileRef = 88C383E4269150700021C704 /* QuartzCore.framework */; };
		88C383E7269150780021C704 /* libc++.tbd in Frameworks */ = {isa = PBXBuildFile; fileRef = 88C383E6269150780021C704 /* libc++.tbd */; };
		88C383E9269150800021C704 /* libxml2.tbd in Frameworks */ = {isa = PBXBuildFile; fileRef = 88C383E8269150800021C704 /* libxml2.tbd */; };
		88C383EB269150880021C704 /* libsqlite3.tbd in Frameworks */ = {isa = PBXBuildFile; fileRef = 88C383EA269150880021C704 /* libsqlite3.tbd */; };
		88C383ED2691509F0021C704 /* SystemConfiguration.framework in Frameworks */ = {isa = PBXBuildFile; fileRef = 88C383EC2691509F0021C704 /* SystemConfiguration.framework */; };
		88C383F2269168B90021C704 /* Place.swift in Sources */ = {isa = PBXBuildFile; fileRef = 88C383F1269168B90021C704 /* Place.swift */; };
		88C4E68E2680557A00983D36 /* AppDelegate.swift in Sources */ = {isa = PBXBuildFile; fileRef = 88C4E68D2680557A00983D36 /* AppDelegate.swift */; };
		88C4E6902680557A00983D36 /* SceneDelegate.swift in Sources */ = {isa = PBXBuildFile; fileRef = 88C4E68F2680557A00983D36 /* SceneDelegate.swift */; };
		88C4E6952680557A00983D36 /* Main.storyboard in Resources */ = {isa = PBXBuildFile; fileRef = 88C4E6932680557A00983D36 /* Main.storyboard */; };
		88C4E6972680557D00983D36 /* Assets.xcassets in Resources */ = {isa = PBXBuildFile; fileRef = 88C4E6962680557D00983D36 /* Assets.xcassets */; };
		88C4E69A2680557D00983D36 /* LaunchScreen.storyboard in Resources */ = {isa = PBXBuildFile; fileRef = 88C4E6982680557D00983D36 /* LaunchScreen.storyboard */; };
		88C4E6A32680570E00983D36 /* GoogleService-Info.plist in Resources */ = {isa = PBXBuildFile; fileRef = 88C4E6A22680570E00983D36 /* GoogleService-Info.plist */; };
		88C4E6AD268057CC00983D36 /* ListTableViewController.swift in Sources */ = {isa = PBXBuildFile; fileRef = 88C4E6A5268057C400983D36 /* ListTableViewController.swift */; };
		88C4E6B0268057CC00983D36 /* LogInViewController.swift in Sources */ = {isa = PBXBuildFile; fileRef = 88C4E6A8268057C800983D36 /* LogInViewController.swift */; };
		88C4E6B1268057CC00983D36 /* ItemTableViewCell.swift in Sources */ = {isa = PBXBuildFile; fileRef = 88C4E6A9268057CA00983D36 /* ItemTableViewCell.swift */; };
		88C4E6B2268057CC00983D36 /* ItemData.swift in Sources */ = {isa = PBXBuildFile; fileRef = 88C4E6AA268057CB00983D36 /* ItemData.swift */; };
		88C4E6B3268057CC00983D36 /* RegisterViewController.swift in Sources */ = {isa = PBXBuildFile; fileRef = 88C4E6AB268057CC00983D36 /* RegisterViewController.swift */; };
		88CADB7126968F2000885543 /* DetailViewController.swift in Sources */ = {isa = PBXBuildFile; fileRef = 88CADB7026968F2000885543 /* DetailViewController.swift */; };
		88CADB732696944500885543 /* MessageModel.swift in Sources */ = {isa = PBXBuildFile; fileRef = 88CADB722696944500885543 /* MessageModel.swift */; };
		88CADB752696D13400885543 /* ChatViewController.swift in Sources */ = {isa = PBXBuildFile; fileRef = 88CADB742696D13400885543 /* ChatViewController.swift */; };
		88D069EA26908140000F22E4 /* JusoResponse.swift in Sources */ = {isa = PBXBuildFile; fileRef = 88D069E926908140000F22E4 /* JusoResponse.swift */; };
		88D81DAE269440AF00CEC31C /* MapViewController.swift in Sources */ = {isa = PBXBuildFile; fileRef = 88D81DAD269440AF00CEC31C /* MapViewController.swift */; };
		88D81DB5269441D100CEC31C /* SuccessViewController.swift in Sources */ = {isa = PBXBuildFile; fileRef = 88D81DB4269441D100CEC31C /* SuccessViewController.swift */; };
		88E970C22696E56B00BB5961 /* MessageTableViewCell.swift in Sources */ = {isa = PBXBuildFile; fileRef = 88E970C12696E56B00BB5961 /* MessageTableViewCell.swift */; };
		88F75FB2268D81A300A77D2F /* MonthlyPayTableViewCell.swift in Sources */ = {isa = PBXBuildFile; fileRef = 88F75FB1268D81A300A77D2F /* MonthlyPayTableViewCell.swift */; };
		88F75FB4268D81BF00A77D2F /* ManagementTableViewCell.swift in Sources */ = {isa = PBXBuildFile; fileRef = 88F75FB3268D81BF00A77D2F /* ManagementTableViewCell.swift */; };
		88F75FB6268D851A00A77D2F /* PhoneNumberTableViewCell.swift in Sources */ = {isa = PBXBuildFile; fileRef = 88F75FB5268D851A00A77D2F /* PhoneNumberTableViewCell.swift */; };
		C7DF0E2DBED59C42D25E021C /* Pods_RealSungsu.framework in Frameworks */ = {isa = PBXBuildFile; fileRef = F8A96BD658E005354916E56C /* Pods_RealSungsu.framework */; };
/* End PBXBuildFile section */

/* Begin PBXFileReference section */
		3A080BD97EC8BCBACDAC1B3B /* Pods-RealSungsu.release.xcconfig */ = {isa = PBXFileReference; includeInIndex = 1; lastKnownFileType = text.xcconfig; name = "Pods-RealSungsu.release.xcconfig"; path = "Target Support Files/Pods-RealSungsu/Pods-RealSungsu.release.xcconfig"; sourceTree = "<group>"; };
		435F522A413EABA50C72A342 /* Pods-RealSungsu.debug.xcconfig */ = {isa = PBXFileReference; includeInIndex = 1; lastKnownFileType = text.xcconfig; name = "Pods-RealSungsu.debug.xcconfig"; path = "Target Support Files/Pods-RealSungsu/Pods-RealSungsu.debug.xcconfig"; sourceTree = "<group>"; };
		880C6E79268AF95700390CBA /* Constants.swift */ = {isa = PBXFileReference; lastKnownFileType = sourcecode.swift; path = Constants.swift; sourceTree = "<group>"; };
		881ED3DB2686DC970094177B /* Image2TableViewCell.swift */ = {isa = PBXFileReference; lastKnownFileType = sourcecode.swift; path = Image2TableViewCell.swift; sourceTree = "<group>"; };
		886681922686055800C8FACC /* Content2TableViewCell.swift */ = {isa = PBXFileReference; lastKnownFileType = sourcecode.swift; path = Content2TableViewCell.swift; sourceTree = "<group>"; };
		8870BD4826907E9100E8FEDA /* LocationSearchViewController.swift */ = {isa = PBXFileReference; lastKnownFileType = sourcecode.swift; path = LocationSearchViewController.swift; sourceTree = "<group>"; };
		8870BD4B26907F1600E8FEDA /* LocationSearchTableViewCell.swift */ = {isa = PBXFileReference; lastKnownFileType = sourcecode.swift; path = LocationSearchTableViewCell.swift; sourceTree = "<group>"; };
		887840022689A772004BCC5F /* DetailImageCell.swift */ = {isa = PBXFileReference; lastKnownFileType = sourcecode.swift; path = DetailImageCell.swift; sourceTree = "<group>"; };
		887840032689A772004BCC5F /* DetailImageCell.xib */ = {isa = PBXFileReference; lastKnownFileType = file.xib; path = DetailImageCell.xib; sourceTree = "<group>"; };
		888915232698282100836B3B /* ChatListTableViewController.swift */ = {isa = PBXFileReference; lastKnownFileType = sourcecode.swift; path = ChatListTableViewController.swift; sourceTree = "<group>"; };
		8895C6342686D9A9000DCD0A /* AddImageButtonCollectionViewCell.swift */ = {isa = PBXFileReference; lastKnownFileType = sourcecode.swift; path = AddImageButtonCollectionViewCell.swift; sourceTree = "<group>"; };
		8895C6362686D9CF000DCD0A /* ImageCollectionViewCell.swift */ = {isa = PBXFileReference; lastKnownFileType = sourcecode.swift; path = ImageCollectionViewCell.swift; sourceTree = "<group>"; };
		88AFE7FA2684AE7900D2C0F7 /* Upload2TableViewController.swift */ = {isa = PBXFileReference; lastKnownFileType = sourcecode.swift; path = Upload2TableViewController.swift; sourceTree = "<group>"; };
		88AFE7FE2684AF2800D2C0F7 /* TitleTableViewCell.swift */ = {isa = PBXFileReference; lastKnownFileType = sourcecode.swift; path = TitleTableViewCell.swift; sourceTree = "<group>"; };
		88AFE8002684AF3100D2C0F7 /* PriceTableViewCell.swift */ = {isa = PBXFileReference; lastKnownFileType = sourcecode.swift; path = PriceTableViewCell.swift; sourceTree = "<group>"; };
		88AFE8022684AF3F00D2C0F7 /* ContentTableViewCell.swift */ = {isa = PBXFileReference; lastKnownFileType = sourcecode.swift; path = ContentTableViewCell.swift; sourceTree = "<group>"; };
		88AFE8042684AF4F00D2C0F7 /* CategoryTableViewCell.swift */ = {isa = PBXFileReference; lastKnownFileType = sourcecode.swift; path = CategoryTableViewCell.swift; sourceTree = "<group>"; };
		88B0CA512685F73A005DB9E8 /* SelectedCategory.swift */ = {isa = PBXFileReference; lastKnownFileType = sourcecode.swift; path = SelectedCategory.swift; sourceTree = "<group>"; };
		88B0CA53268603BA005DB9E8 /* Detail2TableViewController.swift */ = {isa = PBXFileReference; lastKnownFileType = sourcecode.swift; path = Detail2TableViewController.swift; sourceTree = "<group>"; };
		88B0CA5A268604C0005DB9E8 /* IDTableViewCell.swift */ = {isa = PBXFileReference; lastKnownFileType = sourcecode.swift; path = IDTableViewCell.swift; sourceTree = "<group>"; };
		88B3AA6226834657001D98C0 /* LoadingViewController.swift */ = {isa = PBXFileReference; lastKnownFileType = sourcecode.swift; path = LoadingViewController.swift; sourceTree = "<group>"; };
		88B4481E26996118002695C2 /* MessageCellData.swift */ = {isa = PBXFileReference; lastKnownFileType = sourcecode.swift; path = MessageCellData.swift; sourceTree = "<group>"; };
		88B4482026997DDA002695C2 /* ChatListTableViewCell.swift */ = {isa = PBXFileReference; lastKnownFileType = sourcecode.swift; path = ChatListTableViewCell.swift; sourceTree = "<group>"; };
		88C3839F26914E9B0021C704 /* map_pinup_custom@3x.png */ = {isa = PBXFileReference; lastKnownFileType = image.png; path = "map_pinup_custom@3x.png"; sourceTree = "<group>"; };
		88C383A026914E9B0021C704 /* map_pin_custom.png */ = {isa = PBXFileReference; lastKnownFileType = image.png; path = map_pin_custom.png; sourceTree = "<group>"; };
		88C383A126914E9B0021C704 /* shadow_balloon.png */ = {isa = PBXFileReference; lastKnownFileType = image.png; path = shadow_balloon.png; sourceTree = "<group>"; };
		88C383A226914E9B0021C704 /* map_pinup.png */ = {isa = PBXFileReference; lastKnownFileType = image.png; path = map_pinup.png; sourceTree = "<group>"; };
		88C383A326914E9B0021C704 /* detail_button.png */ = {isa = PBXFileReference; lastKnownFileType = image.png; path = detail_button.png; sourceTree = "<group>"; };
		88C383A426914E9B0021C704 /* map_pin_custom@3x.png */ = {isa = PBXFileReference; lastKnownFileType = image.png; path = "map_pin_custom@3x.png"; sourceTree = "<group>"; };
		88C383A526914E9B0021C704 /* map_pinup@3x.png */ = {isa = PBXFileReference; lastKnownFileType = image.png; path = "map_pinup@3x.png"; sourceTree = "<group>"; };
		88C383A626914E9B0021C704 /* map_pin_shadow@3x.png */ = {isa = PBXFileReference; lastKnownFileType = image.png; path = "map_pin_shadow@3x.png"; sourceTree = "<group>"; };
		88C383A726914E9B0021C704 /* copyright.png */ = {isa = PBXFileReference; lastKnownFileType = image.png; path = copyright.png; sourceTree = "<group>"; };
		88C383A826914E9B0021C704 /* th_line.png */ = {isa = PBXFileReference; lastKnownFileType = image.png; path = th_line.png; sourceTree = "<group>"; };
		88C383A926914E9B0021C704 /* map_pin_red@3x.png */ = {isa = PBXFileReference; lastKnownFileType = image.png; path = "map_pin_red@3x.png"; sourceTree = "<group>"; };
		88C383AA26914E9B0021C704 /* daum_copyright.png */ = {isa = PBXFileReference; lastKnownFileType = image.png; path = daum_copyright.png; sourceTree = "<group>"; };
		88C383AB26914E9B0021C704 /* map_pin@3x.png */ = {isa = PBXFileReference; lastKnownFileType = image.png; path = "map_pin@3x.png"; sourceTree = "<group>"; };
		88C383AC26914E9B0021C704 /* map_present_tracking.png */ = {isa = PBXFileReference; lastKnownFileType = image.png; path = map_present_tracking.png; sourceTree = "<group>"; };
		88C383AD26914E9B0021C704 /* map_pin_red.png */ = {isa = PBXFileReference; lastKnownFileType = image.png; path = map_pin_red.png; sourceTree = "<group>"; };
		88C383AF26914E9B0021C704 /* MTMapPOIItem.h */ = {isa = PBXFileReference; fileEncoding = 4; lastKnownFileType = sourcecode.c.h; path = MTMapPOIItem.h; sourceTree = "<group>"; };
		88C383B026914E9B0021C704 /* MTMapCameraUpdate.h */ = {isa = PBXFileReference; fileEncoding = 4; lastKnownFileType = sourcecode.c.h; path = MTMapCameraUpdate.h; sourceTree = "<group>"; };
		88C383B126914E9B0021C704 /* MTMapReverseGeoCoder.h */ = {isa = PBXFileReference; fileEncoding = 4; lastKnownFileType = sourcecode.c.h; path = MTMapReverseGeoCoder.h; sourceTree = "<group>"; };
		88C383B226914E9B0021C704 /* MTMapPolyline.h */ = {isa = PBXFileReference; fileEncoding = 4; lastKnownFileType = sourcecode.c.h; path = MTMapPolyline.h; sourceTree = "<group>"; };
		88C383B326914E9B0021C704 /* MTMapLocationMarkerItem.h */ = {isa = PBXFileReference; fileEncoding = 4; lastKnownFileType = sourcecode.c.h; path = MTMapLocationMarkerItem.h; sourceTree = "<group>"; };
		88C383B426914E9B0021C704 /* MTMapView.h */ = {isa = PBXFileReference; fileEncoding = 4; lastKnownFileType = sourcecode.c.h; path = MTMapView.h; sourceTree = "<group>"; };
		88C383B526914E9B0021C704 /* MTMapGeometry.h */ = {isa = PBXFileReference; fileEncoding = 4; lastKnownFileType = sourcecode.c.h; path = MTMapGeometry.h; sourceTree = "<group>"; };
		88C383B626914E9B0021C704 /* MTMapCircle.h */ = {isa = PBXFileReference; fileEncoding = 4; lastKnownFileType = sourcecode.c.h; path = MTMapCircle.h; sourceTree = "<group>"; };
		88C383B726914E9B0021C704 /* info_box.png */ = {isa = PBXFileReference; lastKnownFileType = image.png; path = info_box.png; sourceTree = "<group>"; };
		88C383B826914E9B0021C704 /* point_sprite.png */ = {isa = PBXFileReference; lastKnownFileType = image.png; path = point_sprite.png; sourceTree = "<group>"; };
		88C383B926914E9B0021C704 /* map_pinup_custom.png */ = {isa = PBXFileReference; lastKnownFileType = image.png; path = map_pinup_custom.png; sourceTree = "<group>"; };
		88C383BA26914E9B0021C704 /* info_box_tail.png */ = {isa = PBXFileReference; lastKnownFileType = image.png; path = info_box_tail.png; sourceTree = "<group>"; };
		88C383BB26914E9B0021C704 /* noimage256.png */ = {isa = PBXFileReference; lastKnownFileType = image.png; path = noimage256.png; sourceTree = "<group>"; };
		88C383BC26914E9B0021C704 /* map_present_direction.png */ = {isa = PBXFileReference; lastKnownFileType = image.png; path = map_present_direction.png; sourceTree = "<group>"; };
		88C383BD26914E9B0021C704 /* map_pin.png */ = {isa = PBXFileReference; lastKnownFileType = image.png; path = map_pin.png; sourceTree = "<group>"; };
		88C383BE26914E9B0021C704 /* map_present.png */ = {isa = PBXFileReference; lastKnownFileType = image.png; path = map_present.png; sourceTree = "<group>"; };
		88C383BF26914E9B0021C704 /* noimage.png */ = {isa = PBXFileReference; lastKnownFileType = image.png; path = noimage.png; sourceTree = "<group>"; };
		88C383C026914E9B0021C704 /* map_present_background_update.png */ = {isa = PBXFileReference; lastKnownFileType = image.png; path = map_present_background_update.png; sourceTree = "<group>"; };
		88C383C126914E9B0021C704 /* daum_th_line.png */ = {isa = PBXFileReference; lastKnownFileType = image.png; path = daum_th_line.png; sourceTree = "<group>"; };
		88C383C226914E9B0021C704 /* map_pin_shadow.png */ = {isa = PBXFileReference; lastKnownFileType = image.png; path = map_pin_shadow.png; sourceTree = "<group>"; };
		88C383C326914E9B0021C704 /* DaumMap.framework */ = {isa = PBXFileReference; lastKnownFileType = wrapper.framework; path = DaumMap.framework; sourceTree = "<group>"; };
		88C383E0269150500021C704 /* OpenGLES.framework */ = {isa = PBXFileReference; lastKnownFileType = wrapper.framework; name = OpenGLES.framework; path = System/Library/Frameworks/OpenGLES.framework; sourceTree = SDKROOT; };
		88C383E2269150680021C704 /* CoreLocation.framework */ = {isa = PBXFileReference; lastKnownFileType = wrapper.framework; name = CoreLocation.framework; path = System/Library/Frameworks/CoreLocation.framework; sourceTree = SDKROOT; };
		88C383E4269150700021C704 /* QuartzCore.framework */ = {isa = PBXFileReference; lastKnownFileType = wrapper.framework; name = QuartzCore.framework; path = System/Library/Frameworks/QuartzCore.framework; sourceTree = SDKROOT; };
		88C383E6269150780021C704 /* libc++.tbd */ = {isa = PBXFileReference; lastKnownFileType = "sourcecode.text-based-dylib-definition"; name = "libc++.tbd"; path = "usr/lib/libc++.tbd"; sourceTree = SDKROOT; };
		88C383E8269150800021C704 /* libxml2.tbd */ = {isa = PBXFileReference; lastKnownFileType = "sourcecode.text-based-dylib-definition"; name = libxml2.tbd; path = usr/lib/libxml2.tbd; sourceTree = SDKROOT; };
		88C383EA269150880021C704 /* libsqlite3.tbd */ = {isa = PBXFileReference; lastKnownFileType = "sourcecode.text-based-dylib-definition"; name = libsqlite3.tbd; path = usr/lib/libsqlite3.tbd; sourceTree = SDKROOT; };
		88C383EC2691509F0021C704 /* SystemConfiguration.framework */ = {isa = PBXFileReference; lastKnownFileType = wrapper.framework; name = SystemConfiguration.framework; path = System/Library/Frameworks/SystemConfiguration.framework; sourceTree = SDKROOT; };
		88C383EE2691515B0021C704 /* BridgeHeader.h */ = {isa = PBXFileReference; lastKnownFileType = sourcecode.c.h; path = BridgeHeader.h; sourceTree = "<group>"; };
		88C383F1269168B90021C704 /* Place.swift */ = {isa = PBXFileReference; lastKnownFileType = sourcecode.swift; path = Place.swift; sourceTree = "<group>"; };
		88C4E68A2680557A00983D36 /* RealSungsu.app */ = {isa = PBXFileReference; explicitFileType = wrapper.application; includeInIndex = 0; path = RealSungsu.app; sourceTree = BUILT_PRODUCTS_DIR; };
		88C4E68D2680557A00983D36 /* AppDelegate.swift */ = {isa = PBXFileReference; lastKnownFileType = sourcecode.swift; path = AppDelegate.swift; sourceTree = "<group>"; };
		88C4E68F2680557A00983D36 /* SceneDelegate.swift */ = {isa = PBXFileReference; lastKnownFileType = sourcecode.swift; path = SceneDelegate.swift; sourceTree = "<group>"; };
		88C4E6942680557A00983D36 /* Base */ = {isa = PBXFileReference; lastKnownFileType = file.storyboard; name = Base; path = Base.lproj/Main.storyboard; sourceTree = "<group>"; };
		88C4E6962680557D00983D36 /* Assets.xcassets */ = {isa = PBXFileReference; lastKnownFileType = folder.assetcatalog; path = Assets.xcassets; sourceTree = "<group>"; };
		88C4E6992680557D00983D36 /* Base */ = {isa = PBXFileReference; lastKnownFileType = file.storyboard; name = Base; path = Base.lproj/LaunchScreen.storyboard; sourceTree = "<group>"; };
		88C4E69B2680557D00983D36 /* Info.plist */ = {isa = PBXFileReference; lastKnownFileType = text.plist.xml; path = Info.plist; sourceTree = "<group>"; };
		88C4E6A22680570E00983D36 /* GoogleService-Info.plist */ = {isa = PBXFileReference; fileEncoding = 4; lastKnownFileType = text.plist.xml; path = "GoogleService-Info.plist"; sourceTree = "<group>"; };
		88C4E6A5268057C400983D36 /* ListTableViewController.swift */ = {isa = PBXFileReference; fileEncoding = 4; lastKnownFileType = sourcecode.swift; path = ListTableViewController.swift; sourceTree = "<group>"; };
		88C4E6A8268057C800983D36 /* LogInViewController.swift */ = {isa = PBXFileReference; fileEncoding = 4; lastKnownFileType = sourcecode.swift; path = LogInViewController.swift; sourceTree = "<group>"; };
		88C4E6A9268057CA00983D36 /* ItemTableViewCell.swift */ = {isa = PBXFileReference; fileEncoding = 4; lastKnownFileType = sourcecode.swift; path = ItemTableViewCell.swift; sourceTree = "<group>"; };
		88C4E6AA268057CB00983D36 /* ItemData.swift */ = {isa = PBXFileReference; fileEncoding = 4; lastKnownFileType = sourcecode.swift; path = ItemData.swift; sourceTree = "<group>"; };
		88C4E6AB268057CC00983D36 /* RegisterViewController.swift */ = {isa = PBXFileReference; fileEncoding = 4; lastKnownFileType = sourcecode.swift; path = RegisterViewController.swift; sourceTree = "<group>"; };
		88CADB7026968F2000885543 /* DetailViewController.swift */ = {isa = PBXFileReference; lastKnownFileType = sourcecode.swift; path = DetailViewController.swift; sourceTree = "<group>"; };
		88CADB722696944500885543 /* MessageModel.swift */ = {isa = PBXFileReference; lastKnownFileType = sourcecode.swift; path = MessageModel.swift; sourceTree = "<group>"; };
		88CADB742696D13400885543 /* ChatViewController.swift */ = {isa = PBXFileReference; lastKnownFileType = sourcecode.swift; path = ChatViewController.swift; sourceTree = "<group>"; };
		88D069E926908140000F22E4 /* JusoResponse.swift */ = {isa = PBXFileReference; lastKnownFileType = sourcecode.swift; path = JusoResponse.swift; sourceTree = "<group>"; };
		88D81DAD269440AF00CEC31C /* MapViewController.swift */ = {isa = PBXFileReference; fileEncoding = 4; lastKnownFileType = sourcecode.swift; path = MapViewController.swift; sourceTree = "<group>"; };
		88D81DB4269441D100CEC31C /* SuccessViewController.swift */ = {isa = PBXFileReference; lastKnownFileType = sourcecode.swift; path = SuccessViewController.swift; sourceTree = "<group>"; };
		88E970C12696E56B00BB5961 /* MessageTableViewCell.swift */ = {isa = PBXFileReference; lastKnownFileType = sourcecode.swift; path = MessageTableViewCell.swift; sourceTree = "<group>"; };
		88F75FB1268D81A300A77D2F /* MonthlyPayTableViewCell.swift */ = {isa = PBXFileReference; lastKnownFileType = sourcecode.swift; path = MonthlyPayTableViewCell.swift; sourceTree = "<group>"; };
		88F75FB3268D81BF00A77D2F /* ManagementTableViewCell.swift */ = {isa = PBXFileReference; lastKnownFileType = sourcecode.swift; path = ManagementTableViewCell.swift; sourceTree = "<group>"; };
		88F75FB5268D851A00A77D2F /* PhoneNumberTableViewCell.swift */ = {isa = PBXFileReference; lastKnownFileType = sourcecode.swift; path = PhoneNumberTableViewCell.swift; sourceTree = "<group>"; };
		F8A96BD658E005354916E56C /* Pods_RealSungsu.framework */ = {isa = PBXFileReference; explicitFileType = wrapper.framework; includeInIndex = 0; path = Pods_RealSungsu.framework; sourceTree = BUILT_PRODUCTS_DIR; };
/* End PBXFileReference section */

/* Begin PBXFrameworksBuildPhase section */
		88C4E6872680557A00983D36 /* Frameworks */ = {
			isa = PBXFrameworksBuildPhase;
			buildActionMask = 2147483647;
			files = (
				88C383ED2691509F0021C704 /* SystemConfiguration.framework in Frameworks */,
				88C383EB269150880021C704 /* libsqlite3.tbd in Frameworks */,
				88C383E9269150800021C704 /* libxml2.tbd in Frameworks */,
				88C383E7269150780021C704 /* libc++.tbd in Frameworks */,
				88C383E5269150700021C704 /* QuartzCore.framework in Frameworks */,
				88B44824269989BD002695C2 /* IQKeyboardManagerSwift in Frameworks */,
				88C383E3269150680021C704 /* CoreLocation.framework in Frameworks */,
				88C383E1269150500021C704 /* OpenGLES.framework in Frameworks */,
				88C383DF26914E9B0021C704 /* DaumMap.framework in Frameworks */,
				C7DF0E2DBED59C42D25E021C /* Pods_RealSungsu.framework in Frameworks */,
			);
			runOnlyForDeploymentPostprocessing = 0;
		};
/* End PBXFrameworksBuildPhase section */

/* Begin PBXGroup section */
		8870BD4A26907F0000E8FEDA /* LocationSearch View Controller */ = {
			isa = PBXGroup;
			children = (
				8870BD4826907E9100E8FEDA /* LocationSearchViewController.swift */,
				8870BD4B26907F1600E8FEDA /* LocationSearchTableViewCell.swift */,
				88D069E926908140000F22E4 /* JusoResponse.swift */,
			);
			path = "LocationSearch View Controller";
			sourceTree = "<group>";
		};
		8875F68226883E0E005B6BA5 /* LoginViewController */ = {
			isa = PBXGroup;
			children = (
				88C4E6A8268057C800983D36 /* LogInViewController.swift */,
			);
			path = LoginViewController;
			sourceTree = "<group>";
		};
		8875F68326883E33005B6BA5 /* RegisterViewController */ = {
			isa = PBXGroup;
			children = (
				88C4E6AB268057CC00983D36 /* RegisterViewController.swift */,
			);
			path = RegisterViewController;
			sourceTree = "<group>";
		};
		8875F68426883E5C005B6BA5 /* ListViewController */ = {
			isa = PBXGroup;
			children = (
				88B3AA6226834657001D98C0 /* LoadingViewController.swift */,
				88C4E6A9268057CA00983D36 /* ItemTableViewCell.swift */,
				88C4E6A5268057C400983D36 /* ListTableViewController.swift */,
			);
			path = ListViewController;
			sourceTree = "<group>";
		};
		887E04392693F369002C2B61 /* UploadTableviewCells */ = {
			isa = PBXGroup;
			children = (
				8895C6332686D98F000DCD0A /* image Collection View  */,
				881ED3DB2686DC970094177B /* Image2TableViewCell.swift */,
				88AFE7FE2684AF2800D2C0F7 /* TitleTableViewCell.swift */,
				88AFE8002684AF3100D2C0F7 /* PriceTableViewCell.swift */,
				88AFE8022684AF3F00D2C0F7 /* ContentTableViewCell.swift */,
				88AFE8042684AF4F00D2C0F7 /* CategoryTableViewCell.swift */,
				88F75FB1268D81A300A77D2F /* MonthlyPayTableViewCell.swift */,
				88F75FB3268D81BF00A77D2F /* ManagementTableViewCell.swift */,
				88F75FB5268D851A00A77D2F /* PhoneNumberTableViewCell.swift */,
			);
			path = UploadTableviewCells;
			sourceTree = "<group>";
		};
		887E043A2693FCE6002C2B61 /* DetailTableViewCells */ = {
			isa = PBXGroup;
			children = (
				88B0CA5A268604C0005DB9E8 /* IDTableViewCell.swift */,
				886681922686055800C8FACC /* Content2TableViewCell.swift */,
				887840022689A772004BCC5F /* DetailImageCell.swift */,
				887840032689A772004BCC5F /* DetailImageCell.xib */,
			);
			path = DetailTableViewCells;
			sourceTree = "<group>";
		};
		887E043B269407B0002C2B61 /* MapViewController */ = {
			isa = PBXGroup;
			children = (
				88D81DAD269440AF00CEC31C /* MapViewController.swift */,
			);
			path = MapViewController;
			sourceTree = "<group>";
		};
		88891522269827FE00836B3B /* Last Tab */ = {
			isa = PBXGroup;
			children = (
				888915232698282100836B3B /* ChatListTableViewController.swift */,
				88B4481E26996118002695C2 /* MessageCellData.swift */,
				88B4482026997DDA002695C2 /* ChatListTableViewCell.swift */,
			);
			path = "Last Tab";
			sourceTree = "<group>";
		};
		8895C62E2686B83F000DCD0A /* Upload2TableViewController */ = {
			isa = PBXGroup;
			children = (
				887E04392693F369002C2B61 /* UploadTableviewCells */,
				88AFE7FA2684AE7900D2C0F7 /* Upload2TableViewController.swift */,
				88B0CA512685F73A005DB9E8 /* SelectedCategory.swift */,
			);
			path = Upload2TableViewController;
			sourceTree = "<group>";
		};
		8895C6332686D98F000DCD0A /* image Collection View  */ = {
			isa = PBXGroup;
			children = (
				8895C6342686D9A9000DCD0A /* AddImageButtonCollectionViewCell.swift */,
				8895C6362686D9CF000DCD0A /* ImageCollectionViewCell.swift */,
			);
			path = "image Collection View ";
			sourceTree = "<group>";
		};
		88B0CA572686049C005DB9E8 /* Detail2TableViewController */ = {
			isa = PBXGroup;
			children = (
				88B0CA53268603BA005DB9E8 /* Detail2TableViewController.swift */,
				887E043A2693FCE6002C2B61 /* DetailTableViewCells */,
			);
			path = Detail2TableViewController;
			sourceTree = "<group>";
		};
		88C3839D26914E9B0021C704 /* DaumMap.embeddedframework */ = {
			isa = PBXGroup;
			children = (
				88C3839E26914E9B0021C704 /* Resources */,
				88C383C326914E9B0021C704 /* DaumMap.framework */,
			);
			path = DaumMap.embeddedframework;
			sourceTree = "<group>";
		};
		88C3839E26914E9B0021C704 /* Resources */ = {
			isa = PBXGroup;
			children = (
				88C3839F26914E9B0021C704 /* map_pinup_custom@3x.png */,
				88C383A026914E9B0021C704 /* map_pin_custom.png */,
				88C383A126914E9B0021C704 /* shadow_balloon.png */,
				88C383A226914E9B0021C704 /* map_pinup.png */,
				88C383A326914E9B0021C704 /* detail_button.png */,
				88C383A426914E9B0021C704 /* map_pin_custom@3x.png */,
				88C383A526914E9B0021C704 /* map_pinup@3x.png */,
				88C383A626914E9B0021C704 /* map_pin_shadow@3x.png */,
				88C383A726914E9B0021C704 /* copyright.png */,
				88C383A826914E9B0021C704 /* th_line.png */,
				88C383A926914E9B0021C704 /* map_pin_red@3x.png */,
				88C383AA26914E9B0021C704 /* daum_copyright.png */,
				88C383AB26914E9B0021C704 /* map_pin@3x.png */,
				88C383AC26914E9B0021C704 /* map_present_tracking.png */,
				88C383AD26914E9B0021C704 /* map_pin_red.png */,
				88C383AE26914E9B0021C704 /* Headers */,
				88C383B726914E9B0021C704 /* info_box.png */,
				88C383B826914E9B0021C704 /* point_sprite.png */,
				88C383B926914E9B0021C704 /* map_pinup_custom.png */,
				88C383BA26914E9B0021C704 /* info_box_tail.png */,
				88C383BB26914E9B0021C704 /* noimage256.png */,
				88C383BC26914E9B0021C704 /* map_present_direction.png */,
				88C383BD26914E9B0021C704 /* map_pin.png */,
				88C383BE26914E9B0021C704 /* map_present.png */,
				88C383BF26914E9B0021C704 /* noimage.png */,
				88C383C026914E9B0021C704 /* map_present_background_update.png */,
				88C383C126914E9B0021C704 /* daum_th_line.png */,
				88C383C226914E9B0021C704 /* map_pin_shadow.png */,
			);
			path = Resources;
			sourceTree = "<group>";
		};
		88C383AE26914E9B0021C704 /* Headers */ = {
			isa = PBXGroup;
			children = (
				88C383AF26914E9B0021C704 /* MTMapPOIItem.h */,
				88C383B026914E9B0021C704 /* MTMapCameraUpdate.h */,
				88C383B126914E9B0021C704 /* MTMapReverseGeoCoder.h */,
				88C383B226914E9B0021C704 /* MTMapPolyline.h */,
				88C383B326914E9B0021C704 /* MTMapLocationMarkerItem.h */,
				88C383B426914E9B0021C704 /* MTMapView.h */,
				88C383B526914E9B0021C704 /* MTMapGeometry.h */,
				88C383B626914E9B0021C704 /* MTMapCircle.h */,
			);
			path = Headers;
			sourceTree = "<group>";
		};
		88C4E6812680557A00983D36 = {
			isa = PBXGroup;
			children = (
				88C4E68C2680557A00983D36 /* RealSungsu */,
				88C4E68B2680557A00983D36 /* Products */,
				BC0C251F6E0DF0C8B4615252 /* Pods */,
				A3BBA1726B3B25AF1E384500 /* Frameworks */,
			);
			sourceTree = "<group>";
		};
		88C4E68B2680557A00983D36 /* Products */ = {
			isa = PBXGroup;
			children = (
				88C4E68A2680557A00983D36 /* RealSungsu.app */,
			);
			name = Products;
			sourceTree = "<group>";
		};
		88C4E68C2680557A00983D36 /* RealSungsu */ = {
			isa = PBXGroup;
			children = (
				88C4E6932680557A00983D36 /* Main.storyboard */,
				88D81DB6269442CD00CEC31C /* LogIn part */,
				88D81DB02694417500CEC31C /* First Tab  */,
				88D81DB12694418400CEC31C /* Second Tab */,
				88D81DB22694419600CEC31C /* Fourth Tap */,
				88891522269827FE00836B3B /* Last Tab */,
				88D81DAF2694410700CEC31C /* Data */,
				88C4E6A12680563600983D36 /* Supporting Files */,
				880C6E79268AF95700390CBA /* Constants.swift */,
				88C4E6A22680570E00983D36 /* GoogleService-Info.plist */,
				88C4E69B2680557D00983D36 /* Info.plist */,
				88C383EE2691515B0021C704 /* BridgeHeader.h */,
			);
			path = RealSungsu;
			sourceTree = "<group>";
		};
		88C4E6A12680563600983D36 /* Supporting Files */ = {
			isa = PBXGroup;
			children = (
				88C4E68D2680557A00983D36 /* AppDelegate.swift */,
				88C4E68F2680557A00983D36 /* SceneDelegate.swift */,
				88C4E6962680557D00983D36 /* Assets.xcassets */,
				88C4E6982680557D00983D36 /* LaunchScreen.storyboard */,
			);
			path = "Supporting Files";
			sourceTree = "<group>";
		};
		88D81DAF2694410700CEC31C /* Data */ = {
			isa = PBXGroup;
			children = (
				88C4E6AA268057CB00983D36 /* ItemData.swift */,
				88C383F1269168B90021C704 /* Place.swift */,
			);
			path = Data;
			sourceTree = "<group>";
		};
		88D81DB02694417500CEC31C /* First Tab  */ = {
			isa = PBXGroup;
			children = (
				8875F68426883E5C005B6BA5 /* ListViewController */,
				88B0CA572686049C005DB9E8 /* Detail2TableViewController */,
				88CADB7026968F2000885543 /* DetailViewController.swift */,
				88CADB722696944500885543 /* MessageModel.swift */,
				88CADB742696D13400885543 /* ChatViewController.swift */,
				88E970C12696E56B00BB5961 /* MessageTableViewCell.swift */,
			);
			path = "First Tab ";
			sourceTree = "<group>";
		};
		88D81DB12694418400CEC31C /* Second Tab */ = {
			isa = PBXGroup;
			children = (
				887E043B269407B0002C2B61 /* MapViewController */,
			);
			path = "Second Tab";
			sourceTree = "<group>";
		};
		88D81DB22694419600CEC31C /* Fourth Tap */ = {
			isa = PBXGroup;
			children = (
				88D81DB3269441BF00CEC31C /* SuccessViewController */,
				8895C62E2686B83F000DCD0A /* Upload2TableViewController */,
				8870BD4A26907F0000E8FEDA /* LocationSearch View Controller */,
			);
			path = "Fourth Tap";
			sourceTree = "<group>";
		};
		88D81DB3269441BF00CEC31C /* SuccessViewController */ = {
			isa = PBXGroup;
			children = (
				88D81DB4269441D100CEC31C /* SuccessViewController.swift */,
			);
			path = SuccessViewController;
			sourceTree = "<group>";
		};
		88D81DB6269442CD00CEC31C /* LogIn part */ = {
			isa = PBXGroup;
			children = (
				8875F68226883E0E005B6BA5 /* LoginViewController */,
				8875F68326883E33005B6BA5 /* RegisterViewController */,
			);
			path = "LogIn part";
			sourceTree = "<group>";
		};
		A3BBA1726B3B25AF1E384500 /* Frameworks */ = {
			isa = PBXGroup;
			children = (
				88C383EC2691509F0021C704 /* SystemConfiguration.framework */,
				88C383EA269150880021C704 /* libsqlite3.tbd */,
				88C383E8269150800021C704 /* libxml2.tbd */,
				88C383E6269150780021C704 /* libc++.tbd */,
				88C383E4269150700021C704 /* QuartzCore.framework */,
				88C383E2269150680021C704 /* CoreLocation.framework */,
				88C383E0269150500021C704 /* OpenGLES.framework */,
				88C3839D26914E9B0021C704 /* DaumMap.embeddedframework */,
				F8A96BD658E005354916E56C /* Pods_RealSungsu.framework */,
			);
			name = Frameworks;
			sourceTree = "<group>";
		};
		BC0C251F6E0DF0C8B4615252 /* Pods */ = {
			isa = PBXGroup;
			children = (
				435F522A413EABA50C72A342 /* Pods-RealSungsu.debug.xcconfig */,
				3A080BD97EC8BCBACDAC1B3B /* Pods-RealSungsu.release.xcconfig */,
			);
			path = Pods;
			sourceTree = "<group>";
		};
/* End PBXGroup section */

/* Begin PBXNativeTarget section */
		88C4E6892680557A00983D36 /* RealSungsu */ = {
			isa = PBXNativeTarget;
			buildConfigurationList = 88C4E69E2680557D00983D36 /* Build configuration list for PBXNativeTarget "RealSungsu" */;
			buildPhases = (
				E519674E65D8103683508DBE /* [CP] Check Pods Manifest.lock */,
				88C4E6862680557A00983D36 /* Sources */,
				88C4E6872680557A00983D36 /* Frameworks */,
				88C4E6882680557A00983D36 /* Resources */,
				A4AF6906D59802B1CB5EACF8 /* [CP] Embed Pods Frameworks */,
			);
			buildRules = (
			);
			dependencies = (
			);
			name = RealSungsu;
			packageProductDependencies = (
				88B44823269989BD002695C2 /* IQKeyboardManagerSwift */,
			);
			productName = RealSungsu;
			productReference = 88C4E68A2680557A00983D36 /* RealSungsu.app */;
			productType = "com.apple.product-type.application";
		};
/* End PBXNativeTarget section */

/* Begin PBXProject section */
		88C4E6822680557A00983D36 /* Project object */ = {
			isa = PBXProject;
			attributes = {
				LastSwiftUpdateCheck = 1250;
				LastUpgradeCheck = 1250;
				TargetAttributes = {
					88C4E6892680557A00983D36 = {
						CreatedOnToolsVersion = 12.5;
					};
				};
			};
			buildConfigurationList = 88C4E6852680557A00983D36 /* Build configuration list for PBXProject "RealSungsu" */;
			compatibilityVersion = "Xcode 9.3";
			developmentRegion = en;
			hasScannedForEncodings = 0;
			knownRegions = (
				en,
				Base,
			);
			mainGroup = 88C4E6812680557A00983D36;
			packageReferences = (
				88B44822269989BD002695C2 /* XCRemoteSwiftPackageReference "IQKeyboardManager" */,
			);
			productRefGroup = 88C4E68B2680557A00983D36 /* Products */;
			projectDirPath = "";
			projectRoot = "";
			targets = (
				88C4E6892680557A00983D36 /* RealSungsu */,
			);
		};
/* End PBXProject section */

/* Begin PBXResourcesBuildPhase section */
		88C4E6882680557A00983D36 /* Resources */ = {
			isa = PBXResourcesBuildPhase;
			buildActionMask = 2147483647;
			files = (
				88C4E69A2680557D00983D36 /* LaunchScreen.storyboard in Resources */,
				88C383C626914E9B0021C704 /* shadow_balloon.png in Resources */,
				88C383D826914E9B0021C704 /* map_present_direction.png in Resources */,
				88C383D126914E9B0021C704 /* map_present_tracking.png in Resources */,
				88C383C926914E9B0021C704 /* map_pin_custom@3x.png in Resources */,
				88C383CC26914E9B0021C704 /* copyright.png in Resources */,
				88C383CA26914E9B0021C704 /* map_pinup@3x.png in Resources */,
				88C4E6A32680570E00983D36 /* GoogleService-Info.plist in Resources */,
				88C383DB26914E9B0021C704 /* noimage.png in Resources */,
				88C383DD26914E9B0021C704 /* daum_th_line.png in Resources */,
				887840052689A772004BCC5F /* DetailImageCell.xib in Resources */,
				88C383D226914E9B0021C704 /* map_pin_red.png in Resources */,
				88C383DC26914E9B0021C704 /* map_present_background_update.png in Resources */,
				88C383D626914E9B0021C704 /* info_box_tail.png in Resources */,
				88C383DE26914E9B0021C704 /* map_pin_shadow.png in Resources */,
				88C383CB26914E9B0021C704 /* map_pin_shadow@3x.png in Resources */,
				88C383D726914E9B0021C704 /* noimage256.png in Resources */,
				88C4E6972680557D00983D36 /* Assets.xcassets in Resources */,
				88C383C426914E9B0021C704 /* map_pinup_custom@3x.png in Resources */,
				88C383D526914E9B0021C704 /* map_pinup_custom.png in Resources */,
				88C4E6952680557A00983D36 /* Main.storyboard in Resources */,
				88C383CF26914E9B0021C704 /* daum_copyright.png in Resources */,
				88C383CD26914E9B0021C704 /* th_line.png in Resources */,
				88C383D426914E9B0021C704 /* point_sprite.png in Resources */,
				88C383D326914E9B0021C704 /* info_box.png in Resources */,
				88C383C526914E9B0021C704 /* map_pin_custom.png in Resources */,
				88C383D026914E9B0021C704 /* map_pin@3x.png in Resources */,
				88C383C826914E9B0021C704 /* detail_button.png in Resources */,
				88C383DA26914E9B0021C704 /* map_present.png in Resources */,
				88C383CE26914E9B0021C704 /* map_pin_red@3x.png in Resources */,
				88C383C726914E9B0021C704 /* map_pinup.png in Resources */,
				88C383D926914E9B0021C704 /* map_pin.png in Resources */,
			);
			runOnlyForDeploymentPostprocessing = 0;
		};
/* End PBXResourcesBuildPhase section */

/* Begin PBXShellScriptBuildPhase section */
		A4AF6906D59802B1CB5EACF8 /* [CP] Embed Pods Frameworks */ = {
			isa = PBXShellScriptBuildPhase;
			buildActionMask = 2147483647;
			files = (
			);
			inputFileListPaths = (
				"${PODS_ROOT}/Target Support Files/Pods-RealSungsu/Pods-RealSungsu-frameworks-${CONFIGURATION}-input-files.xcfilelist",
			);
			name = "[CP] Embed Pods Frameworks";
			outputFileListPaths = (
				"${PODS_ROOT}/Target Support Files/Pods-RealSungsu/Pods-RealSungsu-frameworks-${CONFIGURATION}-output-files.xcfilelist",
			);
			runOnlyForDeploymentPostprocessing = 0;
			shellPath = /bin/sh;
			shellScript = "\"${PODS_ROOT}/Target Support Files/Pods-RealSungsu/Pods-RealSungsu-frameworks.sh\"\n";
			showEnvVarsInLog = 0;
		};
		E519674E65D8103683508DBE /* [CP] Check Pods Manifest.lock */ = {
			isa = PBXShellScriptBuildPhase;
			buildActionMask = 2147483647;
			files = (
			);
			inputFileListPaths = (
			);
			inputPaths = (
				"${PODS_PODFILE_DIR_PATH}/Podfile.lock",
				"${PODS_ROOT}/Manifest.lock",
			);
			name = "[CP] Check Pods Manifest.lock";
			outputFileListPaths = (
			);
			outputPaths = (
				"$(DERIVED_FILE_DIR)/Pods-RealSungsu-checkManifestLockResult.txt",
			);
			runOnlyForDeploymentPostprocessing = 0;
			shellPath = /bin/sh;
			shellScript = "diff \"${PODS_PODFILE_DIR_PATH}/Podfile.lock\" \"${PODS_ROOT}/Manifest.lock\" > /dev/null\nif [ $? != 0 ] ; then\n    # print error to STDERR\n    echo \"error: The sandbox is not in sync with the Podfile.lock. Run 'pod install' or update your CocoaPods installation.\" >&2\n    exit 1\nfi\n# This output is used by Xcode 'outputs' to avoid re-running this script phase.\necho \"SUCCESS\" > \"${SCRIPT_OUTPUT_FILE_0}\"\n";
			showEnvVarsInLog = 0;
		};
/* End PBXShellScriptBuildPhase section */

/* Begin PBXSourcesBuildPhase section */
		88C4E6862680557A00983D36 /* Sources */ = {
			isa = PBXSourcesBuildPhase;
			buildActionMask = 2147483647;
			files = (
				88D81DAE269440AF00CEC31C /* MapViewController.swift in Sources */,
				888915242698282100836B3B /* ChatListTableViewController.swift in Sources */,
				88F75FB2268D81A300A77D2F /* MonthlyPayTableViewCell.swift in Sources */,
				88AFE7FF2684AF2800D2C0F7 /* TitleTableViewCell.swift in Sources */,
				88C4E6B2268057CC00983D36 /* ItemData.swift in Sources */,
				88C4E6B3268057CC00983D36 /* RegisterViewController.swift in Sources */,
				88F75FB4268D81BF00A77D2F /* ManagementTableViewCell.swift in Sources */,
				88B4482126997DDA002695C2 /* ChatListTableViewCell.swift in Sources */,
				88F75FB6268D851A00A77D2F /* PhoneNumberTableViewCell.swift in Sources */,
				88CADB7126968F2000885543 /* DetailViewController.swift in Sources */,
				88AFE8032684AF3F00D2C0F7 /* ContentTableViewCell.swift in Sources */,
				88C4E68E2680557A00983D36 /* AppDelegate.swift in Sources */,
				88B0CA5B268604C0005DB9E8 /* IDTableViewCell.swift in Sources */,
				880C6E7A268AF95700390CBA /* Constants.swift in Sources */,
				88B4481F26996118002695C2 /* MessageCellData.swift in Sources */,
				88C4E6B0268057CC00983D36 /* LogInViewController.swift in Sources */,
				88AFE8012684AF3100D2C0F7 /* PriceTableViewCell.swift in Sources */,
				88C4E6B1268057CC00983D36 /* ItemTableViewCell.swift in Sources */,
				88B3AA6326834657001D98C0 /* LoadingViewController.swift in Sources */,
				8870BD4C26907F1600E8FEDA /* LocationSearchTableViewCell.swift in Sources */,
				88D81DB5269441D100CEC31C /* SuccessViewController.swift in Sources */,
				88C383F2269168B90021C704 /* Place.swift in Sources */,
				88CADB732696944500885543 /* MessageModel.swift in Sources */,
				8895C6352686D9AA000DCD0A /* AddImageButtonCollectionViewCell.swift in Sources */,
				88D069EA26908140000F22E4 /* JusoResponse.swift in Sources */,
				887840042689A772004BCC5F /* DetailImageCell.swift in Sources */,
				8870BD4926907E9100E8FEDA /* LocationSearchViewController.swift in Sources */,
				88C4E6902680557A00983D36 /* SceneDelegate.swift in Sources */,
				88AFE7FB2684AE7900D2C0F7 /* Upload2TableViewController.swift in Sources */,
				88C4E6AD268057CC00983D36 /* ListTableViewController.swift in Sources */,
				8895C6372686D9CF000DCD0A /* ImageCollectionViewCell.swift in Sources */,
				88E970C22696E56B00BB5961 /* MessageTableViewCell.swift in Sources */,
				88CADB752696D13400885543 /* ChatViewController.swift in Sources */,
				886681932686055800C8FACC /* Content2TableViewCell.swift in Sources */,
				881ED3DC2686DC970094177B /* Image2TableViewCell.swift in Sources */,
				88B0CA522685F73A005DB9E8 /* SelectedCategory.swift in Sources */,
				88B0CA54268603BA005DB9E8 /* Detail2TableViewController.swift in Sources */,
				88AFE8052684AF4F00D2C0F7 /* CategoryTableViewCell.swift in Sources */,
			);
			runOnlyForDeploymentPostprocessing = 0;
		};
/* End PBXSourcesBuildPhase section */

/* Begin PBXVariantGroup section */
		88C4E6932680557A00983D36 /* Main.storyboard */ = {
			isa = PBXVariantGroup;
			children = (
				88C4E6942680557A00983D36 /* Base */,
			);
			name = Main.storyboard;
			sourceTree = "<group>";
		};
		88C4E6982680557D00983D36 /* LaunchScreen.storyboard */ = {
			isa = PBXVariantGroup;
			children = (
				88C4E6992680557D00983D36 /* Base */,
			);
			name = LaunchScreen.storyboard;
			sourceTree = "<group>";
		};
/* End PBXVariantGroup section */

/* Begin XCBuildConfiguration section */
		88C4E69C2680557D00983D36 /* Debug */ = {
			isa = XCBuildConfiguration;
			buildSettings = {
				ALWAYS_SEARCH_USER_PATHS = NO;
				CLANG_ANALYZER_NONNULL = YES;
				CLANG_ANALYZER_NUMBER_OBJECT_CONVERSION = YES_AGGRESSIVE;
				CLANG_CXX_LANGUAGE_STANDARD = "gnu++14";
				CLANG_CXX_LIBRARY = "libc++";
				CLANG_ENABLE_MODULES = YES;
				CLANG_ENABLE_OBJC_ARC = YES;
				CLANG_ENABLE_OBJC_WEAK = YES;
				CLANG_WARN_BLOCK_CAPTURE_AUTORELEASING = YES;
				CLANG_WARN_BOOL_CONVERSION = YES;
				CLANG_WARN_COMMA = YES;
				CLANG_WARN_CONSTANT_CONVERSION = YES;
				CLANG_WARN_DEPRECATED_OBJC_IMPLEMENTATIONS = YES;
				CLANG_WARN_DIRECT_OBJC_ISA_USAGE = YES_ERROR;
				CLANG_WARN_DOCUMENTATION_COMMENTS = YES;
				CLANG_WARN_EMPTY_BODY = YES;
				CLANG_WARN_ENUM_CONVERSION = YES;
				CLANG_WARN_INFINITE_RECURSION = YES;
				CLANG_WARN_INT_CONVERSION = YES;
				CLANG_WARN_NON_LITERAL_NULL_CONVERSION = YES;
				CLANG_WARN_OBJC_IMPLICIT_RETAIN_SELF = YES;
				CLANG_WARN_OBJC_LITERAL_CONVERSION = YES;
				CLANG_WARN_OBJC_ROOT_CLASS = YES_ERROR;
				CLANG_WARN_QUOTED_INCLUDE_IN_FRAMEWORK_HEADER = YES;
				CLANG_WARN_RANGE_LOOP_ANALYSIS = YES;
				CLANG_WARN_STRICT_PROTOTYPES = YES;
				CLANG_WARN_SUSPICIOUS_MOVE = YES;
				CLANG_WARN_UNGUARDED_AVAILABILITY = YES_AGGRESSIVE;
				CLANG_WARN_UNREACHABLE_CODE = YES;
				CLANG_WARN__DUPLICATE_METHOD_MATCH = YES;
				COPY_PHASE_STRIP = NO;
				DEBUG_INFORMATION_FORMAT = dwarf;
				ENABLE_STRICT_OBJC_MSGSEND = YES;
				ENABLE_TESTABILITY = YES;
				GCC_C_LANGUAGE_STANDARD = gnu11;
				GCC_DYNAMIC_NO_PIC = NO;
				GCC_NO_COMMON_BLOCKS = YES;
				GCC_OPTIMIZATION_LEVEL = 0;
				GCC_PREPROCESSOR_DEFINITIONS = (
					"DEBUG=1",
					"$(inherited)",
				);
				GCC_WARN_64_TO_32_BIT_CONVERSION = YES;
				GCC_WARN_ABOUT_RETURN_TYPE = YES_ERROR;
				GCC_WARN_UNDECLARED_SELECTOR = YES;
				GCC_WARN_UNINITIALIZED_AUTOS = YES_AGGRESSIVE;
				GCC_WARN_UNUSED_FUNCTION = YES;
				GCC_WARN_UNUSED_VARIABLE = YES;
				IPHONEOS_DEPLOYMENT_TARGET = 14.5;
				MTL_ENABLE_DEBUG_INFO = INCLUDE_SOURCE;
				MTL_FAST_MATH = YES;
				ONLY_ACTIVE_ARCH = YES;
				SDKROOT = iphoneos;
				SWIFT_ACTIVE_COMPILATION_CONDITIONS = DEBUG;
				SWIFT_OPTIMIZATION_LEVEL = "-Onone";
			};
			name = Debug;
		};
		88C4E69D2680557D00983D36 /* Release */ = {
			isa = XCBuildConfiguration;
			buildSettings = {
				ALWAYS_SEARCH_USER_PATHS = NO;
				CLANG_ANALYZER_NONNULL = YES;
				CLANG_ANALYZER_NUMBER_OBJECT_CONVERSION = YES_AGGRESSIVE;
				CLANG_CXX_LANGUAGE_STANDARD = "gnu++14";
				CLANG_CXX_LIBRARY = "libc++";
				CLANG_ENABLE_MODULES = YES;
				CLANG_ENABLE_OBJC_ARC = YES;
				CLANG_ENABLE_OBJC_WEAK = YES;
				CLANG_WARN_BLOCK_CAPTURE_AUTORELEASING = YES;
				CLANG_WARN_BOOL_CONVERSION = YES;
				CLANG_WARN_COMMA = YES;
				CLANG_WARN_CONSTANT_CONVERSION = YES;
				CLANG_WARN_DEPRECATED_OBJC_IMPLEMENTATIONS = YES;
				CLANG_WARN_DIRECT_OBJC_ISA_USAGE = YES_ERROR;
				CLANG_WARN_DOCUMENTATION_COMMENTS = YES;
				CLANG_WARN_EMPTY_BODY = YES;
				CLANG_WARN_ENUM_CONVERSION = YES;
				CLANG_WARN_INFINITE_RECURSION = YES;
				CLANG_WARN_INT_CONVERSION = YES;
				CLANG_WARN_NON_LITERAL_NULL_CONVERSION = YES;
				CLANG_WARN_OBJC_IMPLICIT_RETAIN_SELF = YES;
				CLANG_WARN_OBJC_LITERAL_CONVERSION = YES;
				CLANG_WARN_OBJC_ROOT_CLASS = YES_ERROR;
				CLANG_WARN_QUOTED_INCLUDE_IN_FRAMEWORK_HEADER = YES;
				CLANG_WARN_RANGE_LOOP_ANALYSIS = YES;
				CLANG_WARN_STRICT_PROTOTYPES = YES;
				CLANG_WARN_SUSPICIOUS_MOVE = YES;
				CLANG_WARN_UNGUARDED_AVAILABILITY = YES_AGGRESSIVE;
				CLANG_WARN_UNREACHABLE_CODE = YES;
				CLANG_WARN__DUPLICATE_METHOD_MATCH = YES;
				COPY_PHASE_STRIP = NO;
				DEBUG_INFORMATION_FORMAT = "dwarf-with-dsym";
				ENABLE_NS_ASSERTIONS = NO;
				ENABLE_STRICT_OBJC_MSGSEND = YES;
				GCC_C_LANGUAGE_STANDARD = gnu11;
				GCC_NO_COMMON_BLOCKS = YES;
				GCC_WARN_64_TO_32_BIT_CONVERSION = YES;
				GCC_WARN_ABOUT_RETURN_TYPE = YES_ERROR;
				GCC_WARN_UNDECLARED_SELECTOR = YES;
				GCC_WARN_UNINITIALIZED_AUTOS = YES_AGGRESSIVE;
				GCC_WARN_UNUSED_FUNCTION = YES;
				GCC_WARN_UNUSED_VARIABLE = YES;
				IPHONEOS_DEPLOYMENT_TARGET = 14.5;
				MTL_ENABLE_DEBUG_INFO = NO;
				MTL_FAST_MATH = YES;
				SDKROOT = iphoneos;
				SWIFT_COMPILATION_MODE = wholemodule;
				SWIFT_OPTIMIZATION_LEVEL = "-O";
				VALIDATE_PRODUCT = YES;
			};
			name = Release;
		};
		88C4E69F2680557D00983D36 /* Debug */ = {
			isa = XCBuildConfiguration;
			baseConfigurationReference = 435F522A413EABA50C72A342 /* Pods-RealSungsu.debug.xcconfig */;
			buildSettings = {
				ASSETCATALOG_COMPILER_APPICON_NAME = AppIcon;
				ASSETCATALOG_COMPILER_GLOBAL_ACCENT_COLOR_NAME = AccentColor;
				CLANG_ENABLE_OBJC_ARC = NO;
				CODE_SIGN_STYLE = Automatic;
				DEVELOPMENT_TEAM = L3TAK769P4;
				FRAMEWORK_SEARCH_PATHS = (
					"$(inherited)",
					"$(PROJECT_DIR)/DaumMap.embeddedframework",
				);
				INFOPLIST_FILE = RealSungsu/Info.plist;
				LD_RUNPATH_SEARCH_PATHS = (
					"$(inherited)",
					"@executable_path/Frameworks",
				);
				PRODUCT_BUNDLE_IDENTIFIER = yle.RealSungsu;
				PRODUCT_NAME = "$(TARGET_NAME)";
				SWIFT_OBJC_BRIDGING_HEADER = /Users/yundonglee/Desktop/Swift/RealSungsu/RealSungsu/BridgeHeader.h;
				SWIFT_VERSION = 5.0;
				TARGETED_DEVICE_FAMILY = "1,2";
			};
			name = Debug;
		};
		88C4E6A02680557D00983D36 /* Release */ = {
			isa = XCBuildConfiguration;
			baseConfigurationReference = 3A080BD97EC8BCBACDAC1B3B /* Pods-RealSungsu.release.xcconfig */;
			buildSettings = {
				ASSETCATALOG_COMPILER_APPICON_NAME = AppIcon;
				ASSETCATALOG_COMPILER_GLOBAL_ACCENT_COLOR_NAME = AccentColor;
				CLANG_ENABLE_OBJC_ARC = NO;
				CODE_SIGN_STYLE = Automatic;
				DEVELOPMENT_TEAM = L3TAK769P4;
				FRAMEWORK_SEARCH_PATHS = (
					"$(inherited)",
					"$(PROJECT_DIR)/DaumMap.embeddedframework",
				);
				INFOPLIST_FILE = RealSungsu/Info.plist;
				LD_RUNPATH_SEARCH_PATHS = (
					"$(inherited)",
					"@executable_path/Frameworks",
				);
				PRODUCT_BUNDLE_IDENTIFIER = yle.RealSungsu;
				PRODUCT_NAME = "$(TARGET_NAME)";
				SWIFT_OBJC_BRIDGING_HEADER = /Users/yundonglee/Desktop/Swift/RealSungsu/RealSungsu/BridgeHeader.h;
				SWIFT_VERSION = 5.0;
				TARGETED_DEVICE_FAMILY = "1,2";
			};
			name = Release;
		};
/* End XCBuildConfiguration section */

/* Begin XCConfigurationList section */
		88C4E6852680557A00983D36 /* Build configuration list for PBXProject "RealSungsu" */ = {
			isa = XCConfigurationList;
			buildConfigurations = (
				88C4E69C2680557D00983D36 /* Debug */,
				88C4E69D2680557D00983D36 /* Release */,
			);
			defaultConfigurationIsVisible = 0;
			defaultConfigurationName = Release;
		};
		88C4E69E2680557D00983D36 /* Build configuration list for PBXNativeTarget "RealSungsu" */ = {
			isa = XCConfigurationList;
			buildConfigurations = (
				88C4E69F2680557D00983D36 /* Debug */,
				88C4E6A02680557D00983D36 /* Release */,
			);
			defaultConfigurationIsVisible = 0;
			defaultConfigurationName = Release;
		};
/* End XCConfigurationList section */

/* Begin XCRemoteSwiftPackageReference section */
		88B44822269989BD002695C2 /* XCRemoteSwiftPackageReference "IQKeyboardManager" */ = {
			isa = XCRemoteSwiftPackageReference;
			repositoryURL = "https://github.com/hackiftekhar/IQKeyboardManager";
			requirement = {
				kind = upToNextMajorVersion;
				minimumVersion = 6.5.6;
			};
		};
/* End XCRemoteSwiftPackageReference section */

/* Begin XCSwiftPackageProductDependency section */
		88B44823269989BD002695C2 /* IQKeyboardManagerSwift */ = {
			isa = XCSwiftPackageProductDependency;
			package = 88B44822269989BD002695C2 /* XCRemoteSwiftPackageReference "IQKeyboardManager" */;
			productName = IQKeyboardManagerSwift;
		};
/* End XCSwiftPackageProductDependency section */
	};
	rootObject = 88C4E6822680557A00983D36 /* Project object */;
}
